
Microsoft Visual Studio Solution File, Format Version 12.00
# Visual Studio Version 16
VisualStudioVersion = 16.0.34301.259
MinimumVisualStudioVersion = 10.0.40219.1
Project("{FAE04EC0-301F-11D3-BF4B-00C04F79EFBC}") = "my-books", "my-books\my-books.csproj", "{09FD2C99-D7E2-4ACD-81FC-8F16C35292A7}"
EndProject
Global
	GlobalSection(SolutionConfigurationPlatforms) = preSolution
		Debug|Any CPU = Debug|Any CPU
		Release|Any CPU = Release|Any CPU
	EndGlobalSection
	GlobalSection(ProjectConfigurationPlatforms) = postSolution
		{09FD2C99-D7E2-4ACD-81FC-8F16C35292A7}.Debug|Any CPU.ActiveCfg = Debug|Any CPU
		{09FD2C99-D7E2-4ACD-81FC-8F16C35292A7}.Debug|Any CPU.Build.0 = Debug|Any CPU
		{09FD2C99-D7E2-4ACD-81FC-8F16C35292A7}.Release|Any CPU.ActiveCfg = Release|Any CPU
		{09FD2C99-D7E2-4ACD-81FC-8F16C35292A7}.Release|Any CPU.Build.0 = Release|Any CPU
	EndGlobalSection
	GlobalSection(SolutionProperties) = preSolution
		HideSolutionNode = FALSE
	EndGlobalSection
	GlobalSection(ExtensibilityGlobals) = postSolution
		SolutionGuid = {29B1728C-5C49-4BBE-9598-D3CBA7D112C3}
	EndGlobalSection
EndGlobal
